<?xml version="1.0" encoding="utf-8"?>
<Project ToolsVersion="4.0" xmlns="http://schemas.microsoft.com/developer/msbuild/2003">
  <ItemGroup>
    <Filter Include="include">
      <UniqueIdentifier>{89AF369E-F58E-B539-FEA6-40106A051C9B}</UniqueIdentifier>
    </Filter>
    <Filter Include="include\KingdomEditor">
      <UniqueIdentifier>{880175FD-F46D-30F8-BD61-C855298D5260}</UniqueIdentifier>
    </Filter>
    <Filter Include="include\KingdomEditor\EditorInterface">
      <UniqueIdentifier>{4F4E6377-BB12-6267-8478-9231F0FBFD9C}</UniqueIdentifier>
    </Filter>
    <Filter Include="src">
      <UniqueIdentifier>{2DAB880B-99B4-887C-2230-9F7C8E38947C}</UniqueIdentifier>
    </Filter>
    <Filter Include="src\EditorInterface">
      <UniqueIdentifier>{F4A117C8-6003-F5D5-E970-3B8855D12B95}</UniqueIdentifier>
    </Filter>
    <Filter Include="src\EditorInterface\UI">
      <UniqueIdentifier>{A1A086BD-8D9A-AF0F-7607-462062A0157C}</UniqueIdentifier>
    </Filter>
  </ItemGroup>
  <ItemGroup>
    <ClInclude Include="include\KingdomEditor\EditorApplication.h">
      <Filter>include\KingdomEditor</Filter>
    </ClInclude>
    <ClInclude Include="include\KingdomEditor\EditorInterface\EditorInterface.h">
      <Filter>include\KingdomEditor\EditorInterface</Filter>
    </ClInclude>
    <ClInclude Include="include\KingdomEditor\EditorInterface\EditorInterfaceManager.h" />
  </ItemGroup>
  <ItemGroup>
    <ClCompile Include="src\EditorApplication.cpp">
      <Filter>src</Filter>
    </ClCompile>
    <ClCompile Include="src\EditorInterface\EditorInterface.cpp">
      <Filter>src\EditorInterface</Filter>
    </ClCompile>
    <ClCompile Include="src\EditorInterface\UI\Console.cpp">
      <Filter>src\EditorInterface\UI</Filter>
    </ClCompile>
    <ClCompile Include="src\EditorInterface\UI\ContentBrowser.cpp">
      <Filter>src\EditorInterface\UI</Filter>
    </ClCompile>
    <ClCompile Include="src\EditorInterface\UI\DetailsPanel.cpp">
      <Filter>src\EditorInterface\UI</Filter>
    </ClCompile>
    <ClCompile Include="src\EditorInterface\UI\GameObjects.cpp">
      <Filter>src\EditorInterface\UI</Filter>
    </ClCompile>
    <ClCompile Include="src\EditorInterface\UI\Logs.cpp">
      <Filter>src\EditorInterface\UI</Filter>
    </ClCompile>
    <ClCompile Include="src\EditorInterface\UI\Config.cpp" />
    <ClCompile Include="src\EditorInterface\EditorInterfaceManager.cpp" />
  </ItemGroup>
</Project>